<?xml version="1.0" encoding="utf-8"?>
<Project xmlns="http://schemas.microsoft.com/developer/msbuild/2003">
  <ItemGroup>
    <Filter Include="Form Files">
      <UniqueIdentifier>{99349809-55BA-4b9d-BF79-8FDBB0286EB3}</UniqueIdentifier>
      <Extensions>ui</Extensions>
      <ParseFiles>false</ParseFiles>
    </Filter>
    <Filter Include="Form Files">
      <UniqueIdentifier>{99349809-55BA-4b9d-BF79-8FDBB0286EB3}</UniqueIdentifier>
      <Extensions>ui</Extensions>
      <ParseFiles>false</ParseFiles>
    </Filter>
    <Filter Include="Generated Files">
      <UniqueIdentifier>{71ED8ED8-ACB9-4CE9-BBE1-E00B30144E11}</UniqueIdentifier>
      <Extensions>cpp;c;cxx;moc;h;def;odl;idl;res;</Extensions>
    </Filter>
    <Filter Include="Generated Files">
      <UniqueIdentifier>{71ED8ED8-ACB9-4CE9-BBE1-E00B30144E11}</UniqueIdentifier>
      <Extensions>cpp;c;cxx;moc;h;def;odl;idl;res;</Extensions>
    </Filter>
    <Filter Include="Header Files">
      <UniqueIdentifier>{93995380-89BD-4b04-88EB-625FBE52EBFB}</UniqueIdentifier>
      <Extensions>h;hpp;hxx;hm;inl;inc;xsd</Extensions>
    </Filter>
    <Filter Include="Header Files">
      <UniqueIdentifier>{93995380-89BD-4b04-88EB-625FBE52EBFB}</UniqueIdentifier>
      <Extensions>h;hpp;hxx;hm;inl;inc;xsd</Extensions>
    </Filter>
    <Filter Include="Resource Files">
      <UniqueIdentifier>{D9D6E242-F8AF-46E4-B9FD-80ECBC20BA3E}</UniqueIdentifier>
      <Extensions>qrc;*</Extensions>
      <ParseFiles>false</ParseFiles>
    </Filter>
    <Filter Include="Resource Files">
      <UniqueIdentifier>{D9D6E242-F8AF-46E4-B9FD-80ECBC20BA3E}</UniqueIdentifier>
      <Extensions>qrc;*</Extensions>
      <ParseFiles>false</ParseFiles>
    </Filter>
    <Filter Include="Source Files">
      <UniqueIdentifier>{4FC737F1-C7A5-4376-A066-2A32D752A2FF}</UniqueIdentifier>
      <Extensions>cpp;c;cxx;def;odl;idl;hpj;bat;asm;asmx</Extensions>
    </Filter>
    <Filter Include="Source Files">
      <UniqueIdentifier>{4FC737F1-C7A5-4376-A066-2A32D752A2FF}</UniqueIdentifier>
      <Extensions>cpp;c;cxx;def;odl;idl;hpj;bat;asm;asmx</Extensions>
    </Filter>
    <Filter Include="Source Files\TransferFunc">
      <UniqueIdentifier>{916a80e5-6911-4e45-9f4b-e43a80db6cd5}</UniqueIdentifier>
    </Filter>
    <Filter Include="Header Files\TransferFunc">
      <UniqueIdentifier>{9e8e14b5-6588-465b-ba36-331fa4224709}</UniqueIdentifier>
    </Filter>
  </ItemGroup>
  <ItemGroup>
    <ClCompile Include="chartdialog.cpp">
      <Filter>Source Files</Filter>
    </ClCompile>
    <ClCompile Include="main.cpp">
      <Filter>Source Files</Filter>
    </ClCompile>
    <ClCompile Include="mainwindow.cpp">
      <Filter>Source Files</Filter>
    </ClCompile>
    <ClCompile Include="volumedata.cpp">
      <Filter>Source Files</Filter>
    </ClCompile>
    <ClCompile Include="volumerenderwidget.cpp">
      <Filter>Source Files</Filter>
    </ClCompile>
    <ClCompile Include="volumedatareader.cpp">
      <Filter>Source Files</Filter>
    </ClCompile>
    <ClCompile Include="transferfunceditorcanvas.cpp">
      <Filter>Source Files\TransferFunc</Filter>
    </ClCompile>
    <ClCompile Include="transferfunceditordialog.cpp">
      <Filter>Source Files\TransferFunc</Filter>
    </ClCompile>
    <ClCompile Include="transferfuncproperty.cpp">
      <Filter>Source Files\TransferFunc</Filter>
    </ClCompile>
  </ItemGroup>
  <ItemGroup>
    <QtMoc Include="chartdialog.h">
      <Filter>Header Files</Filter>
    </QtMoc>
    <QtMoc Include="mainwindow.h">
      <Filter>Header Files</Filter>
    </QtMoc>
    <ClInclude Include="volumedata.h">
      <Filter>Header Files</Filter>
    </ClInclude>
    <QtMoc Include="volumerenderwidget.h">
      <Filter>Header Files</Filter>
    </QtMoc>
    <QtMoc Include="volumedatareader.h">
      <Filter>Header Files</Filter>
    </QtMoc>
    <QtMoc Include="transferfunceditorcanvas.h">
      <Filter>Header Files\TransferFunc</Filter>
    </QtMoc>
    <QtMoc Include="transferfunceditordialog.h">
      <Filter>Header Files\TransferFunc</Filter>
    </QtMoc>
  </ItemGroup>
  <ItemGroup>
    <CustomBuild Include="debug\moc_predefs.h.cbt">
      <Filter>Generated Files</Filter>
    </CustomBuild>
    <CustomBuild Include="release\moc_predefs.h.cbt">
      <Filter>Generated Files</Filter>
    </CustomBuild>
  </ItemGroup>
  <ItemGroup>
    <QtUic Include="chartdialog.ui">
      <Filter>Form Files</Filter>
    </QtUic>
    <QtUic Include="mainwindow.ui">
      <Filter>Form Files</Filter>
    </QtUic>
  </ItemGroup>
  <ItemGroup>
    <None Include="fshad_accumulate.glsl">
      <Filter>Resource Files</Filter>
    </None>
    <None Include="fshad_avg.glsl">
      <Filter>Resource Files</Filter>
    </None>
    <None Include="fshad_mip.glsl">
      <Filter>Resource Files</Filter>
    </None>
    <QtRcc Include="shaders.qrc">
      <Filter>Resource Files</Filter>
    </QtRcc>
    <None Include="vshader.glsl">
      <Filter>Resource Files</Filter>
    </None>
  </ItemGroup>
  <ItemGroup>
    <ClInclude Include="transferfunckey.h">
      <Filter>Header Files\TransferFunc</Filter>
    </ClInclude>
    <ClInclude Include="transferfuncproperty.h">
      <Filter>Header Files\TransferFunc</Filter>
    </ClInclude>
  </ItemGroup>
</Project>